{
  "version": "2",
  "remote": {
    "https://esm.sh/v85/dayjs@1.11.5/es2022/plugin/relativeTime.js": "10d768091b2927c0cf4f93df33ca80de40e454b270a4fd336d1b40e475273f04",
    "https://esm.sh/v85/dayjs@1.11.5/es2022/plugin/utc.js": "045ed871ed7594da98e16db269cd1fa7c4d09854ac05714052dc29df29686d83",
    "https://esm.sh/v85/dayjs@1.11.5/es2022/plugin/weekOfYear.js": "e98c0be360bb045a602be2d90da1364f25ac18bd795142a7865f30c4186c54a4",
    "https://esm.sh/v96/dayjs@1.11.5/es2022/dayjs.mjs": "62c5c11c07adf3d55398171043b6691559df07a1c406064f9ea1c8877bbeb643"
  }
}
